
Microsoft Visual Studio Solution File, Format Version 12.00
# Visual Studio 15
VisualStudioVersion = 15.0.27703.2000
MinimumVisualStudioVersion = 10.0.40219.1
Project("{9A19103F-16F7-4668-BE54-9A1E7A4F7556}") = "DokumenWebApps", "DokumenWebApps\DokumenWebApps.csproj", "{FA6583FD-70F0-4E9D-B4D3-57CDF3A2B2E6}"
EndProject
Global
	GlobalSection(SolutionConfigurationPlatforms) = preSolution
		Debug|Any CPU = Debug|Any CPU
		Release|Any CPU = Release|Any CPU
	EndGlobalSection
	GlobalSection(ProjectConfigurationPlatforms) = postSolution
		{FA6583FD-70F0-4E9D-B4D3-57CDF3A2B2E6}.Debug|Any CPU.ActiveCfg = Debug|Any CPU
		{FA6583FD-70F0-4E9D-B4D3-57CDF3A2B2E6}.Debug|Any CPU.Build.0 = Debug|Any CPU
		{FA6583FD-70F0-4E9D-B4D3-57CDF3A2B2E6}.Release|Any CPU.ActiveCfg = Release|Any CPU
		{FA6583FD-70F0-4E9D-B4D3-57CDF3A2B2E6}.Release|Any CPU.Build.0 = Release|Any CPU
	EndGlobalSection
	GlobalSection(SolutionProperties) = preSolution
		HideSolutionNode = FALSE
	EndGlobalSection
	GlobalSection(ExtensibilityGlobals) = postSolution
		SolutionGuid = {17E4CD3D-946E-4AAA-9C9D-AD8926C3E9D2}
	EndGlobalSection
EndGlobal
